
Microsoft Visual Studio Solution File, Format Version 12.00
# Visual Studio Version 16
VisualStudioVersion = 16.0.30225.117
MinimumVisualStudioVersion = 10.0.40219.1
Project("{F184B08F-C81C-45F6-A57F-5ABD9991F28F}") = "ShizukuStarter", "ShizukuStarter.vbproj", "{FE331EA5-AE9A-48FA-A718-8A39E67D47C2}"
EndProject
Global
	GlobalSection(SolutionConfigurationPlatforms) = preSolution
		Debug|Any CPU = Debug|Any CPU
		Debug|x86 = Debug|x86
		Release|Any CPU = Release|Any CPU
		Release|x86 = Release|x86
	EndGlobalSection
	GlobalSection(ProjectConfigurationPlatforms) = postSolution
		{FE331EA5-AE9A-48FA-A718-8A39E67D47C2}.Debug|Any CPU.ActiveCfg = Debug|Any CPU
		{FE331EA5-AE9A-48FA-A718-8A39E67D47C2}.Debug|Any CPU.Build.0 = Debug|Any CPU
		{FE331EA5-AE9A-48FA-A718-8A39E67D47C2}.Debug|x86.ActiveCfg = Debug|x86
		{FE331EA5-AE9A-48FA-A718-8A39E67D47C2}.Debug|x86.Build.0 = Debug|x86
		{FE331EA5-AE9A-48FA-A718-8A39E67D47C2}.Release|Any CPU.ActiveCfg = Release|x86
		{FE331EA5-AE9A-48FA-A718-8A39E67D47C2}.Release|Any CPU.Build.0 = Release|x86
		{FE331EA5-AE9A-48FA-A718-8A39E67D47C2}.Release|x86.ActiveCfg = Release|x86
		{FE331EA5-AE9A-48FA-A718-8A39E67D47C2}.Release|x86.Build.0 = Release|x86
	EndGlobalSection
	GlobalSection(SolutionProperties) = preSolution
		HideSolutionNode = FALSE
	EndGlobalSection
	GlobalSection(ExtensibilityGlobals) = postSolution
		SolutionGuid = {BF8B3631-0C27-40B6-8885-AC6C66A1E934}
	EndGlobalSection
EndGlobal
